
Microsoft Visual Studio Solution File, Format Version 12.00
# Visual Studio Version 17
VisualStudioVersion = 17.11.35327.3
MinimumVisualStudioVersion = 10.0.40219.1
Project("{FAE04EC0-301F-11D3-BF4B-00C04F79EFBC}") = "BlazorApp1", "BlazorApp1\BlazorApp1.csproj", "{114EF560-1E03-4DE6-A7B3-710D46A2080C}"
EndProject
Global
	GlobalSection(SolutionConfigurationPlatforms) = preSolution
		Debug|Any CPU = Debug|Any CPU
		Release|Any CPU = Release|Any CPU
	EndGlobalSection
	GlobalSection(ProjectConfigurationPlatforms) = postSolution
		{114EF560-1E03-4DE6-A7B3-710D46A2080C}.Debug|Any CPU.ActiveCfg = Debug|Any CPU
		{114EF560-1E03-4DE6-A7B3-710D46A2080C}.Debug|Any CPU.Build.0 = Debug|Any CPU
		{114EF560-1E03-4DE6-A7B3-710D46A2080C}.Release|Any CPU.ActiveCfg = Release|Any CPU
		{114EF560-1E03-4DE6-A7B3-710D46A2080C}.Release|Any CPU.Build.0 = Release|Any CPU
	EndGlobalSection
	GlobalSection(SolutionProperties) = preSolution
		HideSolutionNode = FALSE
	EndGlobalSection
	GlobalSection(ExtensibilityGlobals) = postSolution
		SolutionGuid = {DDD25DEB-F9B0-425B-B965-61278BDC86D6}
	EndGlobalSection
EndGlobal
